
Microsoft Visual Studio Solution File, Format Version 12.00
# Visual Studio Version 17
VisualStudioVersion = 17.10.35027.167
MinimumVisualStudioVersion = 10.0.40219.1
Project("{9A19103F-16F7-4668-BE54-9A1E7A4F7556}") = "WebApp", "WebApp.csproj", "{07411733-72A9-4579-85F8-32AECAB50080}"
EndProject
Global
	GlobalSection(SolutionConfigurationPlatforms) = preSolution
		Debug|Any CPU = Debug|Any CPU
		Release|Any CPU = Release|Any CPU
	EndGlobalSection
	GlobalSection(ProjectConfigurationPlatforms) = postSolution
		{07411733-72A9-4579-85F8-32AECAB50080}.Debug|Any CPU.ActiveCfg = Debug|Any CPU
		{07411733-72A9-4579-85F8-32AECAB50080}.Debug|Any CPU.Build.0 = Debug|Any CPU
		{07411733-72A9-4579-85F8-32AECAB50080}.Release|Any CPU.ActiveCfg = Release|Any CPU
		{07411733-72A9-4579-85F8-32AECAB50080}.Release|Any CPU.Build.0 = Release|Any CPU
	EndGlobalSection
	GlobalSection(SolutionProperties) = preSolution
		HideSolutionNode = FALSE
	EndGlobalSection
	GlobalSection(ExtensibilityGlobals) = postSolution
		SolutionGuid = {766F3579-496C-47B7-99EF-4519818180BC}
	EndGlobalSection
EndGlobal
